
Microsoft Visual Studio Solution File, Format Version 12.00
# Visual Studio Version 17
VisualStudioVersion = 17.3.32929.385
MinimumVisualStudioVersion = 10.0.40219.1
Project("{FAE04EC0-301F-11D3-BF4B-00C04F79EFBC}") = "EmuSak-Revive", "EmuSak-Revive.csproj", "{0397E865-D78C-4245-93A8-F669FC44403D}"
EndProject
Project("{FAE04EC0-301F-11D3-BF4B-00C04F79EFBC}") = "EmuSak-Revive.GUI", "EmuSak-Revive.GUI\EmuSak-Revive.GUI.csproj", "{754BF13D-45A1-4D4F-A0E5-6B0200F7F69A}"
EndProject
Project("{FAE04EC0-301F-11D3-BF4B-00C04F79EFBC}") = "EmuSak-Revive.Emulators", "EmuSak-Revive.Emulators\EmuSak-Revive.Emulators.csproj", "{3C9A40FF-913C-4FF8-B756-50CFECC3A97F}"
EndProject
Project("{FAE04EC0-301F-11D3-BF4B-00C04F79EFBC}") = "EmuSak-Revive.Network", "EmuSak-Revive.Network\EmuSak-Revive.Network.csproj", "{1E4A2F94-2F85-4EBD-9BDF-FF20C5DF14BB}"
EndProject
Project("{FAE04EC0-301F-11D3-BF4B-00C04F79EFBC}") = "EmuSak-Revive.ConfigIni", "EmuSak-Revive.ConfigIni\EmuSak-Revive.ConfigIni.csproj", "{3EDA1E76-4CB3-4BFC-A77D-F43739EECAC7}"
EndProject
Project("{FAE04EC0-301F-11D3-BF4B-00C04F79EFBC}") = "EmuSak-Revive.JSON", "..\EmuSak-Revive.JSON\EmuSak-Revive.JSON.csproj", "{D2A09B1E-1038-4F16-94D6-BCBCA502234B}"
EndProject
Project("{FAE04EC0-301F-11D3-BF4B-00C04F79EFBC}") = "EmuSak-Revive.EmuFiles", "EmuSak-Revive.EmuFiles\EmuSak-Revive.EmuFiles.csproj", "{648BAE0C-8B2B-45AB-8960-1833E17E0514}"
EndProject
Project("{FAE04EC0-301F-11D3-BF4B-00C04F79EFBC}") = "EmuSak-Revive.Discord", "EmuSak-Revive.Discord\EmuSak-Revive.Discord.csproj", "{58D248DF-57B3-44FB-BAA2-27A0D95001CB}"
EndProject
Project("{FAE04EC0-301F-11D3-BF4B-00C04F79EFBC}") = "EmuSak-Revive.Audio", "EmuSak-Revive.Audio\EmuSak-Revive.Audio.csproj", "{C9696460-C8C4-4B6C-B3AC-E867997AD4FF}"
EndProject
Global
	GlobalSection(SolutionConfigurationPlatforms) = preSolution
		All|Any CPU = All|Any CPU
		All|x86 = All|x86
		Debug|Any CPU = Debug|Any CPU
		Debug|x86 = Debug|x86
		Release|Any CPU = Release|Any CPU
		Release|x86 = Release|x86
	EndGlobalSection
	GlobalSection(ProjectConfigurationPlatforms) = postSolution
		{0397E865-D78C-4245-93A8-F669FC44403D}.All|Any CPU.ActiveCfg = Release|Any CPU
		{0397E865-D78C-4245-93A8-F669FC44403D}.All|Any CPU.Build.0 = Release|Any CPU
		{0397E865-D78C-4245-93A8-F669FC44403D}.All|x86.ActiveCfg = Release|Any CPU
		{0397E865-D78C-4245-93A8-F669FC44403D}.All|x86.Build.0 = Release|Any CPU
		{0397E865-D78C-4245-93A8-F669FC44403D}.Debug|Any CPU.ActiveCfg = Debug|Any CPU
		{0397E865-D78C-4245-93A8-F669FC44403D}.Debug|Any CPU.Build.0 = Debug|Any CPU
		{0397E865-D78C-4245-93A8-F669FC44403D}.Debug|x86.ActiveCfg = Debug|Any CPU
		{0397E865-D78C-4245-93A8-F669FC44403D}.Debug|x86.Build.0 = Debug|Any CPU
		{0397E865-D78C-4245-93A8-F669FC44403D}.Release|Any CPU.ActiveCfg = Release|Any CPU
		{0397E865-D78C-4245-93A8-F669FC44403D}.Release|Any CPU.Build.0 = Release|Any CPU
		{0397E865-D78C-4245-93A8-F669FC44403D}.Release|x86.ActiveCfg = Release|Any CPU
		{0397E865-D78C-4245-93A8-F669FC44403D}.Release|x86.Build.0 = Release|Any CPU
		{754BF13D-45A1-4D4F-A0E5-6B0200F7F69A}.All|Any CPU.ActiveCfg = Release|Any CPU
		{754BF13D-45A1-4D4F-A0E5-6B0200F7F69A}.All|Any CPU.Build.0 = Release|Any CPU
		{754BF13D-45A1-4D4F-A0E5-6B0200F7F69A}.All|x86.ActiveCfg = Release|Any CPU
		{754BF13D-45A1-4D4F-A0E5-6B0200F7F69A}.All|x86.Build.0 = Release|Any CPU
		{754BF13D-45A1-4D4F-A0E5-6B0200F7F69A}.Debug|Any CPU.ActiveCfg = Debug|Any CPU
		{754BF13D-45A1-4D4F-A0E5-6B0200F7F69A}.Debug|Any CPU.Build.0 = Debug|Any CPU
		{754BF13D-45A1-4D4F-A0E5-6B0200F7F69A}.Debug|x86.ActiveCfg = Debug|Any CPU
		{754BF13D-45A1-4D4F-A0E5-6B0200F7F69A}.Debug|x86.Build.0 = Debug|Any CPU
		{754BF13D-45A1-4D4F-A0E5-6B0200F7F69A}.Release|Any CPU.ActiveCfg = Release|Any CPU
		{754BF13D-45A1-4D4F-A0E5-6B0200F7F69A}.Release|Any CPU.Build.0 = Release|Any CPU
		{754BF13D-45A1-4D4F-A0E5-6B0200F7F69A}.Release|x86.ActiveCfg = Release|Any CPU
		{754BF13D-45A1-4D4F-A0E5-6B0200F7F69A}.Release|x86.Build.0 = Release|Any CPU
		{3C9A40FF-913C-4FF8-B756-50CFECC3A97F}.All|Any CPU.ActiveCfg = Release|Any CPU
		{3C9A40FF-913C-4FF8-B756-50CFECC3A97F}.All|Any CPU.Build.0 = Release|Any CPU
		{3C9A40FF-913C-4FF8-B756-50CFECC3A97F}.All|x86.ActiveCfg = Release|Any CPU
		{3C9A40FF-913C-4FF8-B756-50CFECC3A97F}.All|x86.Build.0 = Release|Any CPU
		{3C9A40FF-913C-4FF8-B756-50CFECC3A97F}.Debug|Any CPU.ActiveCfg = Debug|Any CPU
		{3C9A40FF-913C-4FF8-B756-50CFECC3A97F}.Debug|Any CPU.Build.0 = Debug|Any CPU
		{3C9A40FF-913C-4FF8-B756-50CFECC3A97F}.Debug|x86.ActiveCfg = Debug|Any CPU
		{3C9A40FF-913C-4FF8-B756-50CFECC3A97F}.Debug|x86.Build.0 = Debug|Any CPU
		{3C9A40FF-913C-4FF8-B756-50CFECC3A97F}.Release|Any CPU.ActiveCfg = Release|Any CPU
		{3C9A40FF-913C-4FF8-B756-50CFECC3A97F}.Release|Any CPU.Build.0 = Release|Any CPU
		{3C9A40FF-913C-4FF8-B756-50CFECC3A97F}.Release|x86.ActiveCfg = Release|Any CPU
		{3C9A40FF-913C-4FF8-B756-50CFECC3A97F}.Release|x86.Build.0 = Release|Any CPU
		{1E4A2F94-2F85-4EBD-9BDF-FF20C5DF14BB}.All|Any CPU.ActiveCfg = Release|Any CPU
		{1E4A2F94-2F85-4EBD-9BDF-FF20C5DF14BB}.All|Any CPU.Build.0 = Release|Any CPU
		{1E4A2F94-2F85-4EBD-9BDF-FF20C5DF14BB}.All|x86.ActiveCfg = Release|Any CPU
		{1E4A2F94-2F85-4EBD-9BDF-FF20C5DF14BB}.All|x86.Build.0 = Release|Any CPU
		{1E4A2F94-2F85-4EBD-9BDF-FF20C5DF14BB}.Debug|Any CPU.ActiveCfg = Debug|Any CPU
		{1E4A2F94-2F85-4EBD-9BDF-FF20C5DF14BB}.Debug|Any CPU.Build.0 = Debug|Any CPU
		{1E4A2F94-2F85-4EBD-9BDF-FF20C5DF14BB}.Debug|x86.ActiveCfg = Debug|Any CPU
		{1E4A2F94-2F85-4EBD-9BDF-FF20C5DF14BB}.Debug|x86.Build.0 = Debug|Any CPU
		{1E4A2F94-2F85-4EBD-9BDF-FF20C5DF14BB}.Release|Any CPU.ActiveCfg = Release|Any CPU
		{1E4A2F94-2F85-4EBD-9BDF-FF20C5DF14BB}.Release|Any CPU.Build.0 = Release|Any CPU
		{1E4A2F94-2F85-4EBD-9BDF-FF20C5DF14BB}.Release|x86.ActiveCfg = Release|Any CPU
		{1E4A2F94-2F85-4EBD-9BDF-FF20C5DF14BB}.Release|x86.Build.0 = Release|Any CPU
		{3EDA1E76-4CB3-4BFC-A77D-F43739EECAC7}.All|Any CPU.ActiveCfg = Release|Any CPU
		{3EDA1E76-4CB3-4BFC-A77D-F43739EECAC7}.All|Any CPU.Build.0 = Release|Any CPU
		{3EDA1E76-4CB3-4BFC-A77D-F43739EECAC7}.All|x86.ActiveCfg = Release|Any CPU
		{3EDA1E76-4CB3-4BFC-A77D-F43739EECAC7}.All|x86.Build.0 = Release|Any CPU
		{3EDA1E76-4CB3-4BFC-A77D-F43739EECAC7}.Debug|Any CPU.ActiveCfg = Debug|Any CPU
		{3EDA1E76-4CB3-4BFC-A77D-F43739EECAC7}.Debug|Any CPU.Build.0 = Debug|Any CPU
		{3EDA1E76-4CB3-4BFC-A77D-F43739EECAC7}.Debug|x86.ActiveCfg = Debug|Any CPU
		{3EDA1E76-4CB3-4BFC-A77D-F43739EECAC7}.Debug|x86.Build.0 = Debug|Any CPU
		{3EDA1E76-4CB3-4BFC-A77D-F43739EECAC7}.Release|Any CPU.ActiveCfg = Release|Any CPU
		{3EDA1E76-4CB3-4BFC-A77D-F43739EECAC7}.Release|Any CPU.Build.0 = Release|Any CPU
		{3EDA1E76-4CB3-4BFC-A77D-F43739EECAC7}.Release|x86.ActiveCfg = Release|Any CPU
		{3EDA1E76-4CB3-4BFC-A77D-F43739EECAC7}.Release|x86.Build.0 = Release|Any CPU
		{D2A09B1E-1038-4F16-94D6-BCBCA502234B}.All|Any CPU.ActiveCfg = Release|Any CPU
		{D2A09B1E-1038-4F16-94D6-BCBCA502234B}.All|Any CPU.Build.0 = Release|Any CPU
		{D2A09B1E-1038-4F16-94D6-BCBCA502234B}.All|x86.ActiveCfg = Release|Any CPU
		{D2A09B1E-1038-4F16-94D6-BCBCA502234B}.All|x86.Build.0 = Release|Any CPU
		{D2A09B1E-1038-4F16-94D6-BCBCA502234B}.Debug|Any CPU.ActiveCfg = Debug|Any CPU
		{D2A09B1E-1038-4F16-94D6-BCBCA502234B}.Debug|Any CPU.Build.0 = Debug|Any CPU
		{D2A09B1E-1038-4F16-94D6-BCBCA502234B}.Debug|x86.ActiveCfg = Debug|Any CPU
		{D2A09B1E-1038-4F16-94D6-BCBCA502234B}.Debug|x86.Build.0 = Debug|Any CPU
		{D2A09B1E-1038-4F16-94D6-BCBCA502234B}.Release|Any CPU.ActiveCfg = Release|Any CPU
		{D2A09B1E-1038-4F16-94D6-BCBCA502234B}.Release|Any CPU.Build.0 = Release|Any CPU
		{D2A09B1E-1038-4F16-94D6-BCBCA502234B}.Release|x86.ActiveCfg = Release|Any CPU
		{D2A09B1E-1038-4F16-94D6-BCBCA502234B}.Release|x86.Build.0 = Release|Any CPU
		{648BAE0C-8B2B-45AB-8960-1833E17E0514}.All|Any CPU.ActiveCfg = Release|Any CPU
		{648BAE0C-8B2B-45AB-8960-1833E17E0514}.All|Any CPU.Build.0 = Release|Any CPU
		{648BAE0C-8B2B-45AB-8960-1833E17E0514}.All|x86.ActiveCfg = Release|Any CPU
		{648BAE0C-8B2B-45AB-8960-1833E17E0514}.All|x86.Build.0 = Release|Any CPU
		{648BAE0C-8B2B-45AB-8960-1833E17E0514}.Debug|Any CPU.ActiveCfg = Debug|Any CPU
		{648BAE0C-8B2B-45AB-8960-1833E17E0514}.Debug|Any CPU.Build.0 = Debug|Any CPU
		{648BAE0C-8B2B-45AB-8960-1833E17E0514}.Debug|x86.ActiveCfg = Debug|Any CPU
		{648BAE0C-8B2B-45AB-8960-1833E17E0514}.Debug|x86.Build.0 = Debug|Any CPU
		{648BAE0C-8B2B-45AB-8960-1833E17E0514}.Release|Any CPU.ActiveCfg = Release|Any CPU
		{648BAE0C-8B2B-45AB-8960-1833E17E0514}.Release|Any CPU.Build.0 = Release|Any CPU
		{648BAE0C-8B2B-45AB-8960-1833E17E0514}.Release|x86.ActiveCfg = Release|Any CPU
		{648BAE0C-8B2B-45AB-8960-1833E17E0514}.Release|x86.Build.0 = Release|Any CPU
		{58D248DF-57B3-44FB-BAA2-27A0D95001CB}.All|Any CPU.ActiveCfg = Release|Any CPU
		{58D248DF-57B3-44FB-BAA2-27A0D95001CB}.All|Any CPU.Build.0 = Release|Any CPU
		{58D248DF-57B3-44FB-BAA2-27A0D95001CB}.All|x86.ActiveCfg = Release|Any CPU
		{58D248DF-57B3-44FB-BAA2-27A0D95001CB}.All|x86.Build.0 = Release|Any CPU
		{58D248DF-57B3-44FB-BAA2-27A0D95001CB}.Debug|Any CPU.ActiveCfg = Debug|Any CPU
		{58D248DF-57B3-44FB-BAA2-27A0D95001CB}.Debug|Any CPU.Build.0 = Debug|Any CPU
		{58D248DF-57B3-44FB-BAA2-27A0D95001CB}.Debug|x86.ActiveCfg = Debug|Any CPU
		{58D248DF-57B3-44FB-BAA2-27A0D95001CB}.Debug|x86.Build.0 = Debug|Any CPU
		{58D248DF-57B3-44FB-BAA2-27A0D95001CB}.Release|Any CPU.ActiveCfg = Release|Any CPU
		{58D248DF-57B3-44FB-BAA2-27A0D95001CB}.Release|Any CPU.Build.0 = Release|Any CPU
		{58D248DF-57B3-44FB-BAA2-27A0D95001CB}.Release|x86.ActiveCfg = Release|Any CPU
		{58D248DF-57B3-44FB-BAA2-27A0D95001CB}.Release|x86.Build.0 = Release|Any CPU
		{C9696460-C8C4-4B6C-B3AC-E867997AD4FF}.All|Any CPU.ActiveCfg = Debug|Any CPU
		{C9696460-C8C4-4B6C-B3AC-E867997AD4FF}.All|Any CPU.Build.0 = Debug|Any CPU
		{C9696460-C8C4-4B6C-B3AC-E867997AD4FF}.All|x86.ActiveCfg = Debug|Any CPU
		{C9696460-C8C4-4B6C-B3AC-E867997AD4FF}.All|x86.Build.0 = Debug|Any CPU
		{C9696460-C8C4-4B6C-B3AC-E867997AD4FF}.Debug|Any CPU.ActiveCfg = Debug|Any CPU
		{C9696460-C8C4-4B6C-B3AC-E867997AD4FF}.Debug|Any CPU.Build.0 = Debug|Any CPU
		{C9696460-C8C4-4B6C-B3AC-E867997AD4FF}.Debug|x86.ActiveCfg = Debug|Any CPU
		{C9696460-C8C4-4B6C-B3AC-E867997AD4FF}.Debug|x86.Build.0 = Debug|Any CPU
		{C9696460-C8C4-4B6C-B3AC-E867997AD4FF}.Release|Any CPU.ActiveCfg = Release|Any CPU
		{C9696460-C8C4-4B6C-B3AC-E867997AD4FF}.Release|Any CPU.Build.0 = Release|Any CPU
		{C9696460-C8C4-4B6C-B3AC-E867997AD4FF}.Release|x86.ActiveCfg = Release|Any CPU
		{C9696460-C8C4-4B6C-B3AC-E867997AD4FF}.Release|x86.Build.0 = Release|Any CPU
	EndGlobalSection
	GlobalSection(SolutionProperties) = preSolution
		HideSolutionNode = FALSE
	EndGlobalSection
	GlobalSection(ExtensibilityGlobals) = postSolution
		SolutionGuid = {4246BFD1-7A68-495A-9C16-B36EB69BA776}
	EndGlobalSection
EndGlobal
