
Microsoft Visual Studio Solution File, Format Version 12.00
# Visual Studio Version 17
VisualStudioVersion = 17.3.32929.385
MinimumVisualStudioVersion = 10.0.40219.1
Project("{FAE04EC0-301F-11D3-BF4B-00C04F79EFBC}") = "EmuSak-Revive", "EmuSak-Revive.csproj", "{0397E865-D78C-4245-93A8-F669FC44403D}"
EndProject
Project("{FAE04EC0-301F-11D3-BF4B-00C04F79EFBC}") = "EmuSak-Revive.GUI", "EmuSak-Revive.GUI\EmuSak-Revive.GUI.csproj", "{754BF13D-45A1-4D4F-A0E5-6B0200F7F69A}"
EndProject
Project("{FAE04EC0-301F-11D3-BF4B-00C04F79EFBC}") = "EmuSak-Revive.Emulators", "EmuSak-Revive.Emulators\EmuSak-Revive.Emulators.csproj", "{3C9A40FF-913C-4FF8-B756-50CFECC3A97F}"
EndProject
Project("{FAE04EC0-301F-11D3-BF4B-00C04F79EFBC}") = "EmuSak-Revive.Network", "EmuSak-Revive.Network\EmuSak-Revive.Network.csproj", "{1E4A2F94-2F85-4EBD-9BDF-FF20C5DF14BB}"
EndProject
Project("{FAE04EC0-301F-11D3-BF4B-00C04F79EFBC}") = "EmuSak-Revive.ConfigIni", "EmuSak-Revive.ConfigIni\EmuSak-Revive.ConfigIni.csproj", "{3EDA1E76-4CB3-4BFC-A77D-F43739EECAC7}"
EndProject
Project("{FAE04EC0-301F-11D3-BF4B-00C04F79EFBC}") = "EmuSak-Revive.JSON", "..\EmuSak-Revive.JSON\EmuSak-Revive.JSON.csproj", "{D2A09B1E-1038-4F16-94D6-BCBCA502234B}"
EndProject
Project("{FAE04EC0-301F-11D3-BF4B-00C04F79EFBC}") = "EmuSak-Revive.EmuFiles", "EmuSak-Revive.EmuFiles\EmuSak-Revive.EmuFiles.csproj", "{648BAE0C-8B2B-45AB-8960-1833E17E0514}"
EndProject
Project("{FAE04EC0-301F-11D3-BF4B-00C04F79EFBC}") = "EmuSak-Revive.Discord", "EmuSak-Revive.Discord\EmuSak-Revive.Discord.csproj", "{58D248DF-57B3-44FB-BAA2-27A0D95001CB}"
EndProject
Project("{FAE04EC0-301F-11D3-BF4B-00C04F79EFBC}") = "EmuSak-Revive.Audio", "EmuSak-Revive.Audio\EmuSak-Revive.Audio.csproj", "{C9696460-C8C4-4B6C-B3AC-E867997AD4FF}"
EndProject
Project("{FAE04EC0-301F-11D3-BF4B-00C04F79EFBC}") = "EmuSak-Revive.DebugTools", "EmuSak-Revive.DebugTools\EmuSak-Revive.DebugTools.csproj", "{E99852F0-9939-4A6A-A52B-4ABE5F1817F5}"
EndProject
Project("{2150E333-8FDC-42A3-9474-1A3956D46DE8}") = "Changelogs", "Changelogs", "{90A4863C-80CD-453E-A6B0-0B53416846B5}"
	ProjectSection(SolutionItems) = preProject
		1.2.1.txt = 1.2.1.txt
		1.2.txt = 1.2.txt
		1.3.0.0Pre2.txt = 1.3.0.0Pre2.txt
		1.3.0.0Pre3.txt = 1.3.0.0Pre3.txt
		1.3.2.txt = 1.3.2.txt
		1.3.txt = 1.3.txt
		3.0.txt = 3.0.txt
		4.2.txt = 4.2.txt
	EndProjectSection
EndProject
Project("{FAE04EC0-301F-11D3-BF4B-00C04F79EFBC}") = "EmuSak-Revive.Language", "EmuSak_Revive.Language\EmuSak-Revive.Language.csproj", "{A406CE6C-7C5B-43CE-A077-A7BF970E81C0}"
EndProject
Project("{FAE04EC0-301F-11D3-BF4B-00C04F79EFBC}") = "EmuSak-Revive.SystemInfo", "EmuSak-Revive.SystemInfo\EmuSak-Revive.SystemInfo.csproj", "{CA1071E9-5CAB-45F4-A1DC-5ACE34891ECB}"
EndProject
Project("{FAE04EC0-301F-11D3-BF4B-00C04F79EFBC}") = "EmuSak-Revive.GUI-WPF", "..\EmuSak-Revive.GUI-WPF\EmuSak-Revive.GUI-WPF.csproj", "{232063AF-C9AE-4C7D-8B99-38C5C6D884B0}"
EndProject
Project("{FAE04EC0-301F-11D3-BF4B-00C04F79EFBC}") = "EmuSak-Revive.CrashReporter", "..\EmuSak-Revive.CrashReporter\EmuSak-Revive.CrashReporter.csproj", "{EE75CA15-F4A3-455A-BA24-2DFB82DFE0DD}"
EndProject
Project("{FAE04EC0-301F-11D3-BF4B-00C04F79EFBC}") = "EmuSak-Revive.PluginConsole", "..\EmuSak-Revive.PluginConsole\EmuSak-Revive.PluginConsole.csproj", "{40E0C066-8CF3-4F23-8A2D-7D69854B103C}"
EndProject
Project("{FAE04EC0-301F-11D3-BF4B-00C04F79EFBC}") = "EmuSak-Revive.Plugins", "..\EmuSak-Revive.Plugins\EmuSak-Revive.Plugins.csproj", "{57968FBC-07C1-4752-AF1E-70B979E015FA}"
EndProject
Global
	GlobalSection(SolutionConfigurationPlatforms) = preSolution
		All|Any CPU = All|Any CPU
		All|x86 = All|x86
		Debug|Any CPU = Debug|Any CPU
		Debug|x86 = Debug|x86
		Release|Any CPU = Release|Any CPU
		Release|x86 = Release|x86
	EndGlobalSection
	GlobalSection(ProjectConfigurationPlatforms) = postSolution
		{0397E865-D78C-4245-93A8-F669FC44403D}.All|Any CPU.ActiveCfg = Release|Any CPU
		{0397E865-D78C-4245-93A8-F669FC44403D}.All|Any CPU.Build.0 = Release|Any CPU
		{0397E865-D78C-4245-93A8-F669FC44403D}.All|x86.ActiveCfg = Release|Any CPU
		{0397E865-D78C-4245-93A8-F669FC44403D}.All|x86.Build.0 = Release|Any CPU
		{0397E865-D78C-4245-93A8-F669FC44403D}.Debug|Any CPU.ActiveCfg = Debug|Any CPU
		{0397E865-D78C-4245-93A8-F669FC44403D}.Debug|Any CPU.Build.0 = Debug|Any CPU
		{0397E865-D78C-4245-93A8-F669FC44403D}.Debug|x86.ActiveCfg = Debug|Any CPU
		{0397E865-D78C-4245-93A8-F669FC44403D}.Debug|x86.Build.0 = Debug|Any CPU
		{0397E865-D78C-4245-93A8-F669FC44403D}.Release|Any CPU.ActiveCfg = Release|Any CPU
		{0397E865-D78C-4245-93A8-F669FC44403D}.Release|Any CPU.Build.0 = Release|Any CPU
		{0397E865-D78C-4245-93A8-F669FC44403D}.Release|x86.ActiveCfg = Release|Any CPU
		{0397E865-D78C-4245-93A8-F669FC44403D}.Release|x86.Build.0 = Release|Any CPU
		{754BF13D-45A1-4D4F-A0E5-6B0200F7F69A}.All|Any CPU.ActiveCfg = Release|Any CPU
		{754BF13D-45A1-4D4F-A0E5-6B0200F7F69A}.All|Any CPU.Build.0 = Release|Any CPU
		{754BF13D-45A1-4D4F-A0E5-6B0200F7F69A}.All|x86.ActiveCfg = Release|Any CPU
		{754BF13D-45A1-4D4F-A0E5-6B0200F7F69A}.All|x86.Build.0 = Release|Any CPU
		{754BF13D-45A1-4D4F-A0E5-6B0200F7F69A}.Debug|Any CPU.ActiveCfg = Debug|Any CPU
		{754BF13D-45A1-4D4F-A0E5-6B0200F7F69A}.Debug|Any CPU.Build.0 = Debug|Any CPU
		{754BF13D-45A1-4D4F-A0E5-6B0200F7F69A}.Debug|x86.ActiveCfg = Debug|Any CPU
		{754BF13D-45A1-4D4F-A0E5-6B0200F7F69A}.Debug|x86.Build.0 = Debug|Any CPU
		{754BF13D-45A1-4D4F-A0E5-6B0200F7F69A}.Release|Any CPU.ActiveCfg = Release|Any CPU
		{754BF13D-45A1-4D4F-A0E5-6B0200F7F69A}.Release|Any CPU.Build.0 = Release|Any CPU
		{754BF13D-45A1-4D4F-A0E5-6B0200F7F69A}.Release|x86.ActiveCfg = Release|Any CPU
		{754BF13D-45A1-4D4F-A0E5-6B0200F7F69A}.Release|x86.Build.0 = Release|Any CPU
		{3C9A40FF-913C-4FF8-B756-50CFECC3A97F}.All|Any CPU.ActiveCfg = Release|Any CPU
		{3C9A40FF-913C-4FF8-B756-50CFECC3A97F}.All|Any CPU.Build.0 = Release|Any CPU
		{3C9A40FF-913C-4FF8-B756-50CFECC3A97F}.All|x86.ActiveCfg = Release|Any CPU
		{3C9A40FF-913C-4FF8-B756-50CFECC3A97F}.All|x86.Build.0 = Release|Any CPU
		{3C9A40FF-913C-4FF8-B756-50CFECC3A97F}.Debug|Any CPU.ActiveCfg = Debug|Any CPU
		{3C9A40FF-913C-4FF8-B756-50CFECC3A97F}.Debug|Any CPU.Build.0 = Debug|Any CPU
		{3C9A40FF-913C-4FF8-B756-50CFECC3A97F}.Debug|x86.ActiveCfg = Debug|Any CPU
		{3C9A40FF-913C-4FF8-B756-50CFECC3A97F}.Debug|x86.Build.0 = Debug|Any CPU
		{3C9A40FF-913C-4FF8-B756-50CFECC3A97F}.Release|Any CPU.ActiveCfg = Release|Any CPU
		{3C9A40FF-913C-4FF8-B756-50CFECC3A97F}.Release|Any CPU.Build.0 = Release|Any CPU
		{3C9A40FF-913C-4FF8-B756-50CFECC3A97F}.Release|x86.ActiveCfg = Release|Any CPU
		{3C9A40FF-913C-4FF8-B756-50CFECC3A97F}.Release|x86.Build.0 = Release|Any CPU
		{1E4A2F94-2F85-4EBD-9BDF-FF20C5DF14BB}.All|Any CPU.ActiveCfg = Release|Any CPU
		{1E4A2F94-2F85-4EBD-9BDF-FF20C5DF14BB}.All|Any CPU.Build.0 = Release|Any CPU
		{1E4A2F94-2F85-4EBD-9BDF-FF20C5DF14BB}.All|x86.ActiveCfg = Release|Any CPU
		{1E4A2F94-2F85-4EBD-9BDF-FF20C5DF14BB}.All|x86.Build.0 = Release|Any CPU
		{1E4A2F94-2F85-4EBD-9BDF-FF20C5DF14BB}.Debug|Any CPU.ActiveCfg = Debug|Any CPU
		{1E4A2F94-2F85-4EBD-9BDF-FF20C5DF14BB}.Debug|Any CPU.Build.0 = Debug|Any CPU
		{1E4A2F94-2F85-4EBD-9BDF-FF20C5DF14BB}.Debug|x86.ActiveCfg = Debug|Any CPU
		{1E4A2F94-2F85-4EBD-9BDF-FF20C5DF14BB}.Debug|x86.Build.0 = Debug|Any CPU
		{1E4A2F94-2F85-4EBD-9BDF-FF20C5DF14BB}.Release|Any CPU.ActiveCfg = Release|Any CPU
		{1E4A2F94-2F85-4EBD-9BDF-FF20C5DF14BB}.Release|Any CPU.Build.0 = Release|Any CPU
		{1E4A2F94-2F85-4EBD-9BDF-FF20C5DF14BB}.Release|x86.ActiveCfg = Release|Any CPU
		{1E4A2F94-2F85-4EBD-9BDF-FF20C5DF14BB}.Release|x86.Build.0 = Release|Any CPU
		{3EDA1E76-4CB3-4BFC-A77D-F43739EECAC7}.All|Any CPU.ActiveCfg = Release|Any CPU
		{3EDA1E76-4CB3-4BFC-A77D-F43739EECAC7}.All|Any CPU.Build.0 = Release|Any CPU
		{3EDA1E76-4CB3-4BFC-A77D-F43739EECAC7}.All|x86.ActiveCfg = Release|Any CPU
		{3EDA1E76-4CB3-4BFC-A77D-F43739EECAC7}.All|x86.Build.0 = Release|Any CPU
		{3EDA1E76-4CB3-4BFC-A77D-F43739EECAC7}.Debug|Any CPU.ActiveCfg = Debug|Any CPU
		{3EDA1E76-4CB3-4BFC-A77D-F43739EECAC7}.Debug|Any CPU.Build.0 = Debug|Any CPU
		{3EDA1E76-4CB3-4BFC-A77D-F43739EECAC7}.Debug|x86.ActiveCfg = Debug|Any CPU
		{3EDA1E76-4CB3-4BFC-A77D-F43739EECAC7}.Debug|x86.Build.0 = Debug|Any CPU
		{3EDA1E76-4CB3-4BFC-A77D-F43739EECAC7}.Release|Any CPU.ActiveCfg = Release|Any CPU
		{3EDA1E76-4CB3-4BFC-A77D-F43739EECAC7}.Release|Any CPU.Build.0 = Release|Any CPU
		{3EDA1E76-4CB3-4BFC-A77D-F43739EECAC7}.Release|x86.ActiveCfg = Release|Any CPU
		{3EDA1E76-4CB3-4BFC-A77D-F43739EECAC7}.Release|x86.Build.0 = Release|Any CPU
		{D2A09B1E-1038-4F16-94D6-BCBCA502234B}.All|Any CPU.ActiveCfg = Release|Any CPU
		{D2A09B1E-1038-4F16-94D6-BCBCA502234B}.All|Any CPU.Build.0 = Release|Any CPU
		{D2A09B1E-1038-4F16-94D6-BCBCA502234B}.All|x86.ActiveCfg = Release|Any CPU
		{D2A09B1E-1038-4F16-94D6-BCBCA502234B}.All|x86.Build.0 = Release|Any CPU
		{D2A09B1E-1038-4F16-94D6-BCBCA502234B}.Debug|Any CPU.ActiveCfg = Debug|Any CPU
		{D2A09B1E-1038-4F16-94D6-BCBCA502234B}.Debug|Any CPU.Build.0 = Debug|Any CPU
		{D2A09B1E-1038-4F16-94D6-BCBCA502234B}.Debug|x86.ActiveCfg = Debug|Any CPU
		{D2A09B1E-1038-4F16-94D6-BCBCA502234B}.Debug|x86.Build.0 = Debug|Any CPU
		{D2A09B1E-1038-4F16-94D6-BCBCA502234B}.Release|Any CPU.ActiveCfg = Release|Any CPU
		{D2A09B1E-1038-4F16-94D6-BCBCA502234B}.Release|Any CPU.Build.0 = Release|Any CPU
		{D2A09B1E-1038-4F16-94D6-BCBCA502234B}.Release|x86.ActiveCfg = Release|Any CPU
		{D2A09B1E-1038-4F16-94D6-BCBCA502234B}.Release|x86.Build.0 = Release|Any CPU
		{648BAE0C-8B2B-45AB-8960-1833E17E0514}.All|Any CPU.ActiveCfg = Release|Any CPU
		{648BAE0C-8B2B-45AB-8960-1833E17E0514}.All|Any CPU.Build.0 = Release|Any CPU
		{648BAE0C-8B2B-45AB-8960-1833E17E0514}.All|x86.ActiveCfg = Release|Any CPU
		{648BAE0C-8B2B-45AB-8960-1833E17E0514}.All|x86.Build.0 = Release|Any CPU
		{648BAE0C-8B2B-45AB-8960-1833E17E0514}.Debug|Any CPU.ActiveCfg = Debug|Any CPU
		{648BAE0C-8B2B-45AB-8960-1833E17E0514}.Debug|Any CPU.Build.0 = Debug|Any CPU
		{648BAE0C-8B2B-45AB-8960-1833E17E0514}.Debug|x86.ActiveCfg = Debug|Any CPU
		{648BAE0C-8B2B-45AB-8960-1833E17E0514}.Debug|x86.Build.0 = Debug|Any CPU
		{648BAE0C-8B2B-45AB-8960-1833E17E0514}.Release|Any CPU.ActiveCfg = Release|Any CPU
		{648BAE0C-8B2B-45AB-8960-1833E17E0514}.Release|Any CPU.Build.0 = Release|Any CPU
		{648BAE0C-8B2B-45AB-8960-1833E17E0514}.Release|x86.ActiveCfg = Release|Any CPU
		{648BAE0C-8B2B-45AB-8960-1833E17E0514}.Release|x86.Build.0 = Release|Any CPU
		{58D248DF-57B3-44FB-BAA2-27A0D95001CB}.All|Any CPU.ActiveCfg = Release|Any CPU
		{58D248DF-57B3-44FB-BAA2-27A0D95001CB}.All|Any CPU.Build.0 = Release|Any CPU
		{58D248DF-57B3-44FB-BAA2-27A0D95001CB}.All|x86.ActiveCfg = Release|Any CPU
		{58D248DF-57B3-44FB-BAA2-27A0D95001CB}.All|x86.Build.0 = Release|Any CPU
		{58D248DF-57B3-44FB-BAA2-27A0D95001CB}.Debug|Any CPU.ActiveCfg = Debug|Any CPU
		{58D248DF-57B3-44FB-BAA2-27A0D95001CB}.Debug|Any CPU.Build.0 = Debug|Any CPU
		{58D248DF-57B3-44FB-BAA2-27A0D95001CB}.Debug|x86.ActiveCfg = Debug|Any CPU
		{58D248DF-57B3-44FB-BAA2-27A0D95001CB}.Debug|x86.Build.0 = Debug|Any CPU
		{58D248DF-57B3-44FB-BAA2-27A0D95001CB}.Release|Any CPU.ActiveCfg = Release|Any CPU
		{58D248DF-57B3-44FB-BAA2-27A0D95001CB}.Release|Any CPU.Build.0 = Release|Any CPU
		{58D248DF-57B3-44FB-BAA2-27A0D95001CB}.Release|x86.ActiveCfg = Release|Any CPU
		{58D248DF-57B3-44FB-BAA2-27A0D95001CB}.Release|x86.Build.0 = Release|Any CPU
		{C9696460-C8C4-4B6C-B3AC-E867997AD4FF}.All|Any CPU.ActiveCfg = Debug|Any CPU
		{C9696460-C8C4-4B6C-B3AC-E867997AD4FF}.All|Any CPU.Build.0 = Debug|Any CPU
		{C9696460-C8C4-4B6C-B3AC-E867997AD4FF}.All|x86.ActiveCfg = Debug|Any CPU
		{C9696460-C8C4-4B6C-B3AC-E867997AD4FF}.All|x86.Build.0 = Debug|Any CPU
		{C9696460-C8C4-4B6C-B3AC-E867997AD4FF}.Debug|Any CPU.ActiveCfg = Debug|Any CPU
		{C9696460-C8C4-4B6C-B3AC-E867997AD4FF}.Debug|Any CPU.Build.0 = Debug|Any CPU
		{C9696460-C8C4-4B6C-B3AC-E867997AD4FF}.Debug|x86.ActiveCfg = Debug|Any CPU
		{C9696460-C8C4-4B6C-B3AC-E867997AD4FF}.Debug|x86.Build.0 = Debug|Any CPU
		{C9696460-C8C4-4B6C-B3AC-E867997AD4FF}.Release|Any CPU.ActiveCfg = Release|Any CPU
		{C9696460-C8C4-4B6C-B3AC-E867997AD4FF}.Release|Any CPU.Build.0 = Release|Any CPU
		{C9696460-C8C4-4B6C-B3AC-E867997AD4FF}.Release|x86.ActiveCfg = Release|Any CPU
		{C9696460-C8C4-4B6C-B3AC-E867997AD4FF}.Release|x86.Build.0 = Release|Any CPU
		{E99852F0-9939-4A6A-A52B-4ABE5F1817F5}.All|Any CPU.ActiveCfg = Debug|Any CPU
		{E99852F0-9939-4A6A-A52B-4ABE5F1817F5}.All|Any CPU.Build.0 = Debug|Any CPU
		{E99852F0-9939-4A6A-A52B-4ABE5F1817F5}.All|x86.ActiveCfg = Debug|Any CPU
		{E99852F0-9939-4A6A-A52B-4ABE5F1817F5}.All|x86.Build.0 = Debug|Any CPU
		{E99852F0-9939-4A6A-A52B-4ABE5F1817F5}.Debug|Any CPU.ActiveCfg = Debug|Any CPU
		{E99852F0-9939-4A6A-A52B-4ABE5F1817F5}.Debug|Any CPU.Build.0 = Debug|Any CPU
		{E99852F0-9939-4A6A-A52B-4ABE5F1817F5}.Debug|x86.ActiveCfg = Debug|Any CPU
		{E99852F0-9939-4A6A-A52B-4ABE5F1817F5}.Debug|x86.Build.0 = Debug|Any CPU
		{E99852F0-9939-4A6A-A52B-4ABE5F1817F5}.Release|Any CPU.ActiveCfg = Release|Any CPU
		{E99852F0-9939-4A6A-A52B-4ABE5F1817F5}.Release|Any CPU.Build.0 = Release|Any CPU
		{E99852F0-9939-4A6A-A52B-4ABE5F1817F5}.Release|x86.ActiveCfg = Release|Any CPU
		{E99852F0-9939-4A6A-A52B-4ABE5F1817F5}.Release|x86.Build.0 = Release|Any CPU
		{A406CE6C-7C5B-43CE-A077-A7BF970E81C0}.All|Any CPU.ActiveCfg = Debug|Any CPU
		{A406CE6C-7C5B-43CE-A077-A7BF970E81C0}.All|Any CPU.Build.0 = Debug|Any CPU
		{A406CE6C-7C5B-43CE-A077-A7BF970E81C0}.All|x86.ActiveCfg = Debug|Any CPU
		{A406CE6C-7C5B-43CE-A077-A7BF970E81C0}.All|x86.Build.0 = Debug|Any CPU
		{A406CE6C-7C5B-43CE-A077-A7BF970E81C0}.Debug|Any CPU.ActiveCfg = Debug|Any CPU
		{A406CE6C-7C5B-43CE-A077-A7BF970E81C0}.Debug|Any CPU.Build.0 = Debug|Any CPU
		{A406CE6C-7C5B-43CE-A077-A7BF970E81C0}.Debug|x86.ActiveCfg = Debug|Any CPU
		{A406CE6C-7C5B-43CE-A077-A7BF970E81C0}.Debug|x86.Build.0 = Debug|Any CPU
		{A406CE6C-7C5B-43CE-A077-A7BF970E81C0}.Release|Any CPU.ActiveCfg = Release|Any CPU
		{A406CE6C-7C5B-43CE-A077-A7BF970E81C0}.Release|Any CPU.Build.0 = Release|Any CPU
		{A406CE6C-7C5B-43CE-A077-A7BF970E81C0}.Release|x86.ActiveCfg = Release|Any CPU
		{A406CE6C-7C5B-43CE-A077-A7BF970E81C0}.Release|x86.Build.0 = Release|Any CPU
		{CA1071E9-5CAB-45F4-A1DC-5ACE34891ECB}.All|Any CPU.ActiveCfg = Debug|Any CPU
		{CA1071E9-5CAB-45F4-A1DC-5ACE34891ECB}.All|Any CPU.Build.0 = Debug|Any CPU
		{CA1071E9-5CAB-45F4-A1DC-5ACE34891ECB}.All|x86.ActiveCfg = Debug|Any CPU
		{CA1071E9-5CAB-45F4-A1DC-5ACE34891ECB}.All|x86.Build.0 = Debug|Any CPU
		{CA1071E9-5CAB-45F4-A1DC-5ACE34891ECB}.Debug|Any CPU.ActiveCfg = Debug|Any CPU
		{CA1071E9-5CAB-45F4-A1DC-5ACE34891ECB}.Debug|Any CPU.Build.0 = Debug|Any CPU
		{CA1071E9-5CAB-45F4-A1DC-5ACE34891ECB}.Debug|x86.ActiveCfg = Debug|Any CPU
		{CA1071E9-5CAB-45F4-A1DC-5ACE34891ECB}.Debug|x86.Build.0 = Debug|Any CPU
		{CA1071E9-5CAB-45F4-A1DC-5ACE34891ECB}.Release|Any CPU.ActiveCfg = Release|Any CPU
		{CA1071E9-5CAB-45F4-A1DC-5ACE34891ECB}.Release|Any CPU.Build.0 = Release|Any CPU
		{CA1071E9-5CAB-45F4-A1DC-5ACE34891ECB}.Release|x86.ActiveCfg = Release|Any CPU
		{CA1071E9-5CAB-45F4-A1DC-5ACE34891ECB}.Release|x86.Build.0 = Release|Any CPU
		{232063AF-C9AE-4C7D-8B99-38C5C6D884B0}.All|Any CPU.ActiveCfg = Debug|Any CPU
		{232063AF-C9AE-4C7D-8B99-38C5C6D884B0}.All|Any CPU.Build.0 = Debug|Any CPU
		{232063AF-C9AE-4C7D-8B99-38C5C6D884B0}.All|x86.ActiveCfg = Debug|Any CPU
		{232063AF-C9AE-4C7D-8B99-38C5C6D884B0}.All|x86.Build.0 = Debug|Any CPU
		{232063AF-C9AE-4C7D-8B99-38C5C6D884B0}.Debug|Any CPU.ActiveCfg = Debug|Any CPU
		{232063AF-C9AE-4C7D-8B99-38C5C6D884B0}.Debug|Any CPU.Build.0 = Debug|Any CPU
		{232063AF-C9AE-4C7D-8B99-38C5C6D884B0}.Debug|x86.ActiveCfg = Debug|Any CPU
		{232063AF-C9AE-4C7D-8B99-38C5C6D884B0}.Debug|x86.Build.0 = Debug|Any CPU
		{232063AF-C9AE-4C7D-8B99-38C5C6D884B0}.Release|Any CPU.ActiveCfg = Release|Any CPU
		{232063AF-C9AE-4C7D-8B99-38C5C6D884B0}.Release|Any CPU.Build.0 = Release|Any CPU
		{232063AF-C9AE-4C7D-8B99-38C5C6D884B0}.Release|x86.ActiveCfg = Release|Any CPU
		{232063AF-C9AE-4C7D-8B99-38C5C6D884B0}.Release|x86.Build.0 = Release|Any CPU
		{EE75CA15-F4A3-455A-BA24-2DFB82DFE0DD}.All|Any CPU.ActiveCfg = Debug|Any CPU
		{EE75CA15-F4A3-455A-BA24-2DFB82DFE0DD}.All|Any CPU.Build.0 = Debug|Any CPU
		{EE75CA15-F4A3-455A-BA24-2DFB82DFE0DD}.All|x86.ActiveCfg = Debug|Any CPU
		{EE75CA15-F4A3-455A-BA24-2DFB82DFE0DD}.All|x86.Build.0 = Debug|Any CPU
		{EE75CA15-F4A3-455A-BA24-2DFB82DFE0DD}.Debug|Any CPU.ActiveCfg = Debug|Any CPU
		{EE75CA15-F4A3-455A-BA24-2DFB82DFE0DD}.Debug|Any CPU.Build.0 = Debug|Any CPU
		{EE75CA15-F4A3-455A-BA24-2DFB82DFE0DD}.Debug|x86.ActiveCfg = Debug|Any CPU
		{EE75CA15-F4A3-455A-BA24-2DFB82DFE0DD}.Debug|x86.Build.0 = Debug|Any CPU
		{EE75CA15-F4A3-455A-BA24-2DFB82DFE0DD}.Release|Any CPU.ActiveCfg = Release|Any CPU
		{EE75CA15-F4A3-455A-BA24-2DFB82DFE0DD}.Release|Any CPU.Build.0 = Release|Any CPU
		{EE75CA15-F4A3-455A-BA24-2DFB82DFE0DD}.Release|x86.ActiveCfg = Release|Any CPU
		{EE75CA15-F4A3-455A-BA24-2DFB82DFE0DD}.Release|x86.Build.0 = Release|Any CPU
		{40E0C066-8CF3-4F23-8A2D-7D69854B103C}.All|Any CPU.ActiveCfg = Debug|Any CPU
		{40E0C066-8CF3-4F23-8A2D-7D69854B103C}.All|Any CPU.Build.0 = Debug|Any CPU
		{40E0C066-8CF3-4F23-8A2D-7D69854B103C}.All|x86.ActiveCfg = Debug|Any CPU
		{40E0C066-8CF3-4F23-8A2D-7D69854B103C}.All|x86.Build.0 = Debug|Any CPU
		{40E0C066-8CF3-4F23-8A2D-7D69854B103C}.Debug|Any CPU.ActiveCfg = Debug|Any CPU
		{40E0C066-8CF3-4F23-8A2D-7D69854B103C}.Debug|Any CPU.Build.0 = Debug|Any CPU
		{40E0C066-8CF3-4F23-8A2D-7D69854B103C}.Debug|x86.ActiveCfg = Debug|Any CPU
		{40E0C066-8CF3-4F23-8A2D-7D69854B103C}.Debug|x86.Build.0 = Debug|Any CPU
		{40E0C066-8CF3-4F23-8A2D-7D69854B103C}.Release|Any CPU.ActiveCfg = Release|Any CPU
		{40E0C066-8CF3-4F23-8A2D-7D69854B103C}.Release|Any CPU.Build.0 = Release|Any CPU
		{40E0C066-8CF3-4F23-8A2D-7D69854B103C}.Release|x86.ActiveCfg = Release|Any CPU
		{40E0C066-8CF3-4F23-8A2D-7D69854B103C}.Release|x86.Build.0 = Release|Any CPU
		{57968FBC-07C1-4752-AF1E-70B979E015FA}.All|Any CPU.ActiveCfg = Debug|Any CPU
		{57968FBC-07C1-4752-AF1E-70B979E015FA}.All|Any CPU.Build.0 = Debug|Any CPU
		{57968FBC-07C1-4752-AF1E-70B979E015FA}.All|x86.ActiveCfg = Debug|Any CPU
		{57968FBC-07C1-4752-AF1E-70B979E015FA}.All|x86.Build.0 = Debug|Any CPU
		{57968FBC-07C1-4752-AF1E-70B979E015FA}.Debug|Any CPU.ActiveCfg = Debug|Any CPU
		{57968FBC-07C1-4752-AF1E-70B979E015FA}.Debug|Any CPU.Build.0 = Debug|Any CPU
		{57968FBC-07C1-4752-AF1E-70B979E015FA}.Debug|x86.ActiveCfg = Debug|Any CPU
		{57968FBC-07C1-4752-AF1E-70B979E015FA}.Debug|x86.Build.0 = Debug|Any CPU
		{57968FBC-07C1-4752-AF1E-70B979E015FA}.Release|Any CPU.ActiveCfg = Release|Any CPU
		{57968FBC-07C1-4752-AF1E-70B979E015FA}.Release|Any CPU.Build.0 = Release|Any CPU
		{57968FBC-07C1-4752-AF1E-70B979E015FA}.Release|x86.ActiveCfg = Release|Any CPU
		{57968FBC-07C1-4752-AF1E-70B979E015FA}.Release|x86.Build.0 = Release|Any CPU
	EndGlobalSection
	GlobalSection(SolutionProperties) = preSolution
		HideSolutionNode = FALSE
	EndGlobalSection
	GlobalSection(ExtensibilityGlobals) = postSolution
		SolutionGuid = {4246BFD1-7A68-495A-9C16-B36EB69BA776}
	EndGlobalSection
EndGlobal
